
Microsoft Visual Studio Solution File, Format Version 12.00
# Visual Studio Version 17
VisualStudioVersion = 17.9.34902.65
MinimumVisualStudioVersion = 10.0.40219.1
Project("{2150E333-8FDC-42A3-9474-1A3956D46DE8}") = "Frontend", "Frontend", "{6041BEA5-F64F-4C66-94E5-4C34F619502A}"
EndProject
Project("{2150E333-8FDC-42A3-9474-1A3956D46DE8}") = "Gateway", "Gateway", "{47A649A6-36FF-4711-8548-872C15DB4E78}"
EndProject
Project("{2150E333-8FDC-42A3-9474-1A3956D46DE8}") = "Integration", "Integration", "{09BEE987-7631-4DAA-BEFF-86FD46B2AB02}"
EndProject
Project("{2150E333-8FDC-42A3-9474-1A3956D46DE8}") = "Services", "Services", "{0E85C534-EFEB-4BF4-804C-58CE456740EB}"
EndProject
Project("{FAE04EC0-301F-11D3-BF4B-00C04F79EFBC}") = "Services.Coupon", "Services.Coupon\Services.Coupon.csproj", "{797CA2E1-C9D3-4CF7-8BF2-16D39193A1F7}"
EndProject
Project("{FAE04EC0-301F-11D3-BF4B-00C04F79EFBC}") = "WebApp", "WebApp\WebApp.csproj", "{CCE8BCF6-5250-4457-B0C3-08520D7CB40B}"
EndProject
Global
	GlobalSection(SolutionConfigurationPlatforms) = preSolution
		Debug|Any CPU = Debug|Any CPU
		Release|Any CPU = Release|Any CPU
	EndGlobalSection
	GlobalSection(ProjectConfigurationPlatforms) = postSolution
		{797CA2E1-C9D3-4CF7-8BF2-16D39193A1F7}.Debug|Any CPU.ActiveCfg = Debug|Any CPU
		{797CA2E1-C9D3-4CF7-8BF2-16D39193A1F7}.Debug|Any CPU.Build.0 = Debug|Any CPU
		{797CA2E1-C9D3-4CF7-8BF2-16D39193A1F7}.Release|Any CPU.ActiveCfg = Release|Any CPU
		{797CA2E1-C9D3-4CF7-8BF2-16D39193A1F7}.Release|Any CPU.Build.0 = Release|Any CPU
		{CCE8BCF6-5250-4457-B0C3-08520D7CB40B}.Debug|Any CPU.ActiveCfg = Debug|Any CPU
		{CCE8BCF6-5250-4457-B0C3-08520D7CB40B}.Debug|Any CPU.Build.0 = Debug|Any CPU
		{CCE8BCF6-5250-4457-B0C3-08520D7CB40B}.Release|Any CPU.ActiveCfg = Release|Any CPU
		{CCE8BCF6-5250-4457-B0C3-08520D7CB40B}.Release|Any CPU.Build.0 = Release|Any CPU
	EndGlobalSection
	GlobalSection(SolutionProperties) = preSolution
		HideSolutionNode = FALSE
	EndGlobalSection
	GlobalSection(NestedProjects) = preSolution
		{797CA2E1-C9D3-4CF7-8BF2-16D39193A1F7} = {0E85C534-EFEB-4BF4-804C-58CE456740EB}
		{CCE8BCF6-5250-4457-B0C3-08520D7CB40B} = {6041BEA5-F64F-4C66-94E5-4C34F619502A}
	EndGlobalSection
	GlobalSection(ExtensibilityGlobals) = postSolution
		SolutionGuid = {3C89FBB4-E9C5-4D1E-B851-0324EA9F310B}
	EndGlobalSection
EndGlobal
